
Microsoft Visual Studio Solution File, Format Version 12.00
# Visual Studio Version 17
VisualStudioVersion = 17.2.32526.322
MinimumVisualStudioVersion = 10.0.40219.1
Project("{9A19103F-16F7-4668-BE54-9A1E7A4F7556}") = "Wasteland Rifleworks", "Wasteland Rifleworks\Wasteland Rifleworks.csproj", "{A15ADCAA-CFED-401A-BC84-B64ECF7A9104}"
EndProject
Global
	GlobalSection(SolutionConfigurationPlatforms) = preSolution
		Debug|Any CPU = Debug|Any CPU
		Release|Any CPU = Release|Any CPU
	EndGlobalSection
	GlobalSection(ProjectConfigurationPlatforms) = postSolution
		{A15ADCAA-CFED-401A-BC84-B64ECF7A9104}.Debug|Any CPU.ActiveCfg = Debug|Any CPU
		{A15ADCAA-CFED-401A-BC84-B64ECF7A9104}.Debug|Any CPU.Build.0 = Debug|Any CPU
		{A15ADCAA-CFED-401A-BC84-B64ECF7A9104}.Release|Any CPU.ActiveCfg = Release|Any CPU
		{A15ADCAA-CFED-401A-BC84-B64ECF7A9104}.Release|Any CPU.Build.0 = Release|Any CPU
	EndGlobalSection
	GlobalSection(SolutionProperties) = preSolution
		HideSolutionNode = FALSE
	EndGlobalSection
	GlobalSection(ExtensibilityGlobals) = postSolution
		SolutionGuid = {825B0E42-C163-445C-974C-AC5683375AAA}
	EndGlobalSection
EndGlobal
